
Microsoft Visual Studio Solution File, Format Version 12.00
# Visual Studio Version 17
VisualStudioVersion = 17.6.33829.357
MinimumVisualStudioVersion = 10.0.40219.1
Project("{FAE04EC0-301F-11D3-BF4B-00C04F79EFBC}") = "BrightHR_Checkout", "BrightHR_Checkout.csproj", "{596FC4FE-E56E-4080-916F-E19489D010E0}"
EndProject
Project("{FAE04EC0-301F-11D3-BF4B-00C04F79EFBC}") = "BrightHr_Tests", "..\BrightHr_Tests\BrightHr_Tests.csproj", "{54D5CAA7-093E-48FA-BF54-38231E576848}"
EndProject
Global
	GlobalSection(SolutionConfigurationPlatforms) = preSolution
		Debug|Any CPU = Debug|Any CPU
		Release|Any CPU = Release|Any CPU
	EndGlobalSection
	GlobalSection(ProjectConfigurationPlatforms) = postSolution
		{596FC4FE-E56E-4080-916F-E19489D010E0}.Debug|Any CPU.ActiveCfg = Debug|Any CPU
		{596FC4FE-E56E-4080-916F-E19489D010E0}.Debug|Any CPU.Build.0 = Debug|Any CPU
		{596FC4FE-E56E-4080-916F-E19489D010E0}.Release|Any CPU.ActiveCfg = Release|Any CPU
		{596FC4FE-E56E-4080-916F-E19489D010E0}.Release|Any CPU.Build.0 = Release|Any CPU
		{54D5CAA7-093E-48FA-BF54-38231E576848}.Debug|Any CPU.ActiveCfg = Debug|Any CPU
		{54D5CAA7-093E-48FA-BF54-38231E576848}.Debug|Any CPU.Build.0 = Debug|Any CPU
		{54D5CAA7-093E-48FA-BF54-38231E576848}.Release|Any CPU.ActiveCfg = Release|Any CPU
		{54D5CAA7-093E-48FA-BF54-38231E576848}.Release|Any CPU.Build.0 = Release|Any CPU
	EndGlobalSection
	GlobalSection(SolutionProperties) = preSolution
		HideSolutionNode = FALSE
	EndGlobalSection
	GlobalSection(ExtensibilityGlobals) = postSolution
		SolutionGuid = {4FE3EEC3-6CA9-4EC3-BC3D-454227B92E06}
	EndGlobalSection
EndGlobal
